
Microsoft Visual Studio Solution File, Format Version 12.00
# Visual Studio Version 16
VisualStudioVersion = 16.0.32510.428
MinimumVisualStudioVersion = 10.0.40219.1
Project("{FAE04EC0-301F-11D3-BF4B-00C04F79EFBC}") = "RandomPasswordGenerator_ConsoleApp", "RandomPasswordGenerator_ConsoleApp.csproj", "{D0A385F4-282E-4A95-AD97-E321A5125BA4}"
EndProject
Global
	GlobalSection(SolutionConfigurationPlatforms) = preSolution
		Debug|Any CPU = Debug|Any CPU
		Release|Any CPU = Release|Any CPU
	EndGlobalSection
	GlobalSection(ProjectConfigurationPlatforms) = postSolution
		{D0A385F4-282E-4A95-AD97-E321A5125BA4}.Debug|Any CPU.ActiveCfg = Debug|Any CPU
		{D0A385F4-282E-4A95-AD97-E321A5125BA4}.Debug|Any CPU.Build.0 = Debug|Any CPU
		{D0A385F4-282E-4A95-AD97-E321A5125BA4}.Release|Any CPU.ActiveCfg = Release|Any CPU
		{D0A385F4-282E-4A95-AD97-E321A5125BA4}.Release|Any CPU.Build.0 = Release|Any CPU
	EndGlobalSection
	GlobalSection(SolutionProperties) = preSolution
		HideSolutionNode = FALSE
	EndGlobalSection
	GlobalSection(ExtensibilityGlobals) = postSolution
		SolutionGuid = {ED52B95D-C257-44DE-BF08-D52F4FCA20FB}
	EndGlobalSection
EndGlobal
